
Microsoft Visual Studio Solution File, Format Version 12.00
# Visual Studio Version 16
VisualStudioVersion = 16.0.33328.57
MinimumVisualStudioVersion = 10.0.40219.1
Project("{FAE04EC0-301F-11D3-BF4B-00C04F79EFBC}") = "ShowDirInfo", "ShowDirInfo\ShowDirInfo.csproj", "{60091B30-4219-402F-8D64-602BC7BBCB58}"
EndProject
Global
	GlobalSection(SolutionConfigurationPlatforms) = preSolution
		Debug|Any CPU = Debug|Any CPU
		Release|Any CPU = Release|Any CPU
	EndGlobalSection
	GlobalSection(ProjectConfigurationPlatforms) = postSolution
		{60091B30-4219-402F-8D64-602BC7BBCB58}.Debug|Any CPU.ActiveCfg = Debug|Any CPU
		{60091B30-4219-402F-8D64-602BC7BBCB58}.Debug|Any CPU.Build.0 = Debug|Any CPU
		{60091B30-4219-402F-8D64-602BC7BBCB58}.Release|Any CPU.ActiveCfg = Release|Any CPU
		{60091B30-4219-402F-8D64-602BC7BBCB58}.Release|Any CPU.Build.0 = Release|Any CPU
	EndGlobalSection
	GlobalSection(SolutionProperties) = preSolution
		HideSolutionNode = FALSE
	EndGlobalSection
	GlobalSection(ExtensibilityGlobals) = postSolution
		SolutionGuid = {E418315A-276E-41D9-8EF5-24CA585199CA}
	EndGlobalSection
EndGlobal
